
Microsoft Visual Studio Solution File, Format Version 12.00
# Visual Studio Version 17
VisualStudioVersion = 17.0.31903.59
MinimumVisualStudioVersion = 10.0.40219.1
Project("{2150E333-8FDC-42A3-9474-1A3956D46DE8}") = "src", "src", "{827E0CD3-B72D-47B6-A68D-7590B98EB39B}"
EndProject
Project("{FAE04EC0-301F-11D3-BF4B-00C04F79EFBC}") = "Umcp.Daemon", "src\Umcp.Daemon\Umcp.Daemon.csproj", "{638E0C42-CA22-46CB-9716-C8DF4BD2AC7C}"
EndProject
Project("{FAE04EC0-301F-11D3-BF4B-00C04F79EFBC}") = "Umcp.Stdio", "src\Umcp.Stdio\Umcp.Stdio.csproj", "{88C48131-5724-4BB3-8760-F0059F02D3EC}"
EndProject
Project("{FAE04EC0-301F-11D3-BF4B-00C04F79EFBC}") = "Umcp.Bench", "src\Umcp.Bench\Umcp.Bench.csproj", "{97CEFC6B-76F2-4824-894F-C75B66D5F4E8}"
EndProject
Project("{FAE04EC0-301F-11D3-BF4B-00C04F79EFBC}") = "Umcp.ToolGen", "src\Umcp.ToolGen\Umcp.ToolGen.csproj", "{786DA8CB-B302-47B6-BB89-ED6EADA1D33A}"
EndProject
Project("{2150E333-8FDC-42A3-9474-1A3956D46DE8}") = "tests", "tests", "{0AB3BF05-4346-4AA6-1389-037BE0695223}"
EndProject
Project("{FAE04EC0-301F-11D3-BF4B-00C04F79EFBC}") = "Umcp.Tests", "tests\Umcp.Tests\Umcp.Tests.csproj", "{A75999EB-E825-4F88-AD40-17B30913E5F0}"
EndProject
Project("{FAE04EC0-301F-11D3-BF4B-00C04F79EFBC}") = "Umcp.MainThreadCheck", "src\Umcp.MainThreadCheck\Umcp.MainThreadCheck.csproj", "{49443184-7C64-4FFA-9D52-D53930B6958B}"
EndProject
Project("{FAE04EC0-301F-11D3-BF4B-00C04F79EFBC}") = "Umcp.Gui", "src\Umcp.Gui\Umcp.Gui.csproj", "{8F02D76C-1D19-4C3D-8953-534488B6DE9C}"
EndProject
Project("{FAE04EC0-301F-11D3-BF4B-00C04F79EFBC}") = "Umcp.Gui.Shots", "src\Umcp.Gui.Shots\Umcp.Gui.Shots.csproj", "{9B456AD4-F964-454F-929B-79CB04ED5814}"
EndProject
Global
	GlobalSection(SolutionConfigurationPlatforms) = preSolution
		Debug|Any CPU = Debug|Any CPU
		Debug|x64 = Debug|x64
		Debug|x86 = Debug|x86
		Release|Any CPU = Release|Any CPU
		Release|x64 = Release|x64
		Release|x86 = Release|x86
	EndGlobalSection
	GlobalSection(ProjectConfigurationPlatforms) = postSolution
		{638E0C42-CA22-46CB-9716-C8DF4BD2AC7C}.Debug|Any CPU.ActiveCfg = Debug|Any CPU
		{638E0C42-CA22-46CB-9716-C8DF4BD2AC7C}.Debug|Any CPU.Build.0 = Debug|Any CPU
		{638E0C42-CA22-46CB-9716-C8DF4BD2AC7C}.Debug|x64.ActiveCfg = Debug|Any CPU
		{638E0C42-CA22-46CB-9716-C8DF4BD2AC7C}.Debug|x64.Build.0 = Debug|Any CPU
		{638E0C42-CA22-46CB-9716-C8DF4BD2AC7C}.Debug|x86.ActiveCfg = Debug|Any CPU
		{638E0C42-CA22-46CB-9716-C8DF4BD2AC7C}.Debug|x86.Build.0 = Debug|Any CPU
		{638E0C42-CA22-46CB-9716-C8DF4BD2AC7C}.Release|Any CPU.ActiveCfg = Release|Any CPU
		{638E0C42-CA22-46CB-9716-C8DF4BD2AC7C}.Release|Any CPU.Build.0 = Release|Any CPU
		{638E0C42-CA22-46CB-9716-C8DF4BD2AC7C}.Release|x64.ActiveCfg = Release|Any CPU
		{638E0C42-CA22-46CB-9716-C8DF4BD2AC7C}.Release|x64.Build.0 = Release|Any CPU
		{638E0C42-CA22-46CB-9716-C8DF4BD2AC7C}.Release|x86.ActiveCfg = Release|Any CPU
		{638E0C42-CA22-46CB-9716-C8DF4BD2AC7C}.Release|x86.Build.0 = Release|Any CPU
		{88C48131-5724-4BB3-8760-F0059F02D3EC}.Debug|Any CPU.ActiveCfg = Debug|Any CPU
		{88C48131-5724-4BB3-8760-F0059F02D3EC}.Debug|Any CPU.Build.0 = Debug|Any CPU
		{88C48131-5724-4BB3-8760-F0059F02D3EC}.Debug|x64.ActiveCfg = Debug|Any CPU
		{88C48131-5724-4BB3-8760-F0059F02D3EC}.Debug|x64.Build.0 = Debug|Any CPU
		{88C48131-5724-4BB3-8760-F0059F02D3EC}.Debug|x86.ActiveCfg = Debug|Any CPU
		{88C48131-5724-4BB3-8760-F0059F02D3EC}.Debug|x86.Build.0 = Debug|Any CPU
		{88C48131-5724-4BB3-8760-F0059F02D3EC}.Release|Any CPU.ActiveCfg = Release|Any CPU
		{88C48131-5724-4BB3-8760-F0059F02D3EC}.Release|Any CPU.Build.0 = Release|Any CPU
		{88C48131-5724-4BB3-8760-F0059F02D3EC}.Release|x64.ActiveCfg = Release|Any CPU
		{88C48131-5724-4BB3-8760-F0059F02D3EC}.Release|x64.Build.0 = Release|Any CPU
		{88C48131-5724-4BB3-8760-F0059F02D3EC}.Release|x86.ActiveCfg = Release|Any CPU
		{88C48131-5724-4BB3-8760-F0059F02D3EC}.Release|x86.Build.0 = Release|Any CPU
		{97CEFC6B-76F2-4824-894F-C75B66D5F4E8}.Debug|Any CPU.ActiveCfg = Debug|Any CPU
		{97CEFC6B-76F2-4824-894F-C75B66D5F4E8}.Debug|Any CPU.Build.0 = Debug|Any CPU
		{97CEFC6B-76F2-4824-894F-C75B66D5F4E8}.Debug|x64.ActiveCfg = Debug|Any CPU
		{97CEFC6B-76F2-4824-894F-C75B66D5F4E8}.Debug|x64.Build.0 = Debug|Any CPU
		{97CEFC6B-76F2-4824-894F-C75B66D5F4E8}.Debug|x86.ActiveCfg = Debug|Any CPU
		{97CEFC6B-76F2-4824-894F-C75B66D5F4E8}.Debug|x86.Build.0 = Debug|Any CPU
		{97CEFC6B-76F2-4824-894F-C75B66D5F4E8}.Release|Any CPU.ActiveCfg = Release|Any CPU
		{97CEFC6B-76F2-4824-894F-C75B66D5F4E8}.Release|Any CPU.Build.0 = Release|Any CPU
		{97CEFC6B-76F2-4824-894F-C75B66D5F4E8}.Release|x64.ActiveCfg = Release|Any CPU
		{97CEFC6B-76F2-4824-894F-C75B66D5F4E8}.Release|x64.Build.0 = Release|Any CPU
		{97CEFC6B-76F2-4824-894F-C75B66D5F4E8}.Release|x86.ActiveCfg = Release|Any CPU
		{97CEFC6B-76F2-4824-894F-C75B66D5F4E8}.Release|x86.Build.0 = Release|Any CPU
		{786DA8CB-B302-47B6-BB89-ED6EADA1D33A}.Debug|Any CPU.ActiveCfg = Debug|Any CPU
		{786DA8CB-B302-47B6-BB89-ED6EADA1D33A}.Debug|Any CPU.Build.0 = Debug|Any CPU
		{786DA8CB-B302-47B6-BB89-ED6EADA1D33A}.Debug|x64.ActiveCfg = Debug|Any CPU
		{786DA8CB-B302-47B6-BB89-ED6EADA1D33A}.Debug|x64.Build.0 = Debug|Any CPU
		{786DA8CB-B302-47B6-BB89-ED6EADA1D33A}.Debug|x86.ActiveCfg = Debug|Any CPU
		{786DA8CB-B302-47B6-BB89-ED6EADA1D33A}.Debug|x86.Build.0 = Debug|Any CPU
		{786DA8CB-B302-47B6-BB89-ED6EADA1D33A}.Release|Any CPU.ActiveCfg = Release|Any CPU
		{786DA8CB-B302-47B6-BB89-ED6EADA1D33A}.Release|Any CPU.Build.0 = Release|Any CPU
		{786DA8CB-B302-47B6-BB89-ED6EADA1D33A}.Release|x64.ActiveCfg = Release|Any CPU
		{786DA8CB-B302-47B6-BB89-ED6EADA1D33A}.Release|x64.Build.0 = Release|Any CPU
		{786DA8CB-B302-47B6-BB89-ED6EADA1D33A}.Release|x86.ActiveCfg = Release|Any CPU
		{786DA8CB-B302-47B6-BB89-ED6EADA1D33A}.Release|x86.Build.0 = Release|Any CPU
		{A75999EB-E825-4F88-AD40-17B30913E5F0}.Debug|Any CPU.ActiveCfg = Debug|Any CPU
		{A75999EB-E825-4F88-AD40-17B30913E5F0}.Debug|Any CPU.Build.0 = Debug|Any CPU
		{A75999EB-E825-4F88-AD40-17B30913E5F0}.Debug|x64.ActiveCfg = Debug|Any CPU
		{A75999EB-E825-4F88-AD40-17B30913E5F0}.Debug|x64.Build.0 = Debug|Any CPU
		{A75999EB-E825-4F88-AD40-17B30913E5F0}.Debug|x86.ActiveCfg = Debug|Any CPU
		{A75999EB-E825-4F88-AD40-17B30913E5F0}.Debug|x86.Build.0 = Debug|Any CPU
		{A75999EB-E825-4F88-AD40-17B30913E5F0}.Release|Any CPU.ActiveCfg = Release|Any CPU
		{A75999EB-E825-4F88-AD40-17B30913E5F0}.Release|Any CPU.Build.0 = Release|Any CPU
		{A75999EB-E825-4F88-AD40-17B30913E5F0}.Release|x64.ActiveCfg = Release|Any CPU
		{A75999EB-E825-4F88-AD40-17B30913E5F0}.Release|x64.Build.0 = Release|Any CPU
		{A75999EB-E825-4F88-AD40-17B30913E5F0}.Release|x86.ActiveCfg = Release|Any CPU
		{A75999EB-E825-4F88-AD40-17B30913E5F0}.Release|x86.Build.0 = Release|Any CPU
		{49443184-7C64-4FFA-9D52-D53930B6958B}.Debug|Any CPU.ActiveCfg = Debug|Any CPU
		{49443184-7C64-4FFA-9D52-D53930B6958B}.Debug|Any CPU.Build.0 = Debug|Any CPU
		{49443184-7C64-4FFA-9D52-D53930B6958B}.Debug|x64.ActiveCfg = Debug|Any CPU
		{49443184-7C64-4FFA-9D52-D53930B6958B}.Debug|x64.Build.0 = Debug|Any CPU
		{49443184-7C64-4FFA-9D52-D53930B6958B}.Debug|x86.ActiveCfg = Debug|Any CPU
		{49443184-7C64-4FFA-9D52-D53930B6958B}.Debug|x86.Build.0 = Debug|Any CPU
		{49443184-7C64-4FFA-9D52-D53930B6958B}.Release|Any CPU.ActiveCfg = Release|Any CPU
		{49443184-7C64-4FFA-9D52-D53930B6958B}.Release|Any CPU.Build.0 = Release|Any CPU
		{49443184-7C64-4FFA-9D52-D53930B6958B}.Release|x64.ActiveCfg = Release|Any CPU
		{49443184-7C64-4FFA-9D52-D53930B6958B}.Release|x64.Build.0 = Release|Any CPU
		{49443184-7C64-4FFA-9D52-D53930B6958B}.Release|x86.ActiveCfg = Release|Any CPU
		{49443184-7C64-4FFA-9D52-D53930B6958B}.Release|x86.Build.0 = Release|Any CPU
		{8F02D76C-1D19-4C3D-8953-534488B6DE9C}.Debug|Any CPU.ActiveCfg = Debug|Any CPU
		{8F02D76C-1D19-4C3D-8953-534488B6DE9C}.Debug|Any CPU.Build.0 = Debug|Any CPU
		{8F02D76C-1D19-4C3D-8953-534488B6DE9C}.Debug|x64.ActiveCfg = Debug|Any CPU
		{8F02D76C-1D19-4C3D-8953-534488B6DE9C}.Debug|x64.Build.0 = Debug|Any CPU
		{8F02D76C-1D19-4C3D-8953-534488B6DE9C}.Debug|x86.ActiveCfg = Debug|Any CPU
		{8F02D76C-1D19-4C3D-8953-534488B6DE9C}.Debug|x86.Build.0 = Debug|Any CPU
		{8F02D76C-1D19-4C3D-8953-534488B6DE9C}.Release|Any CPU.ActiveCfg = Release|Any CPU
		{8F02D76C-1D19-4C3D-8953-534488B6DE9C}.Release|Any CPU.Build.0 = Release|Any CPU
		{8F02D76C-1D19-4C3D-8953-534488B6DE9C}.Release|x64.ActiveCfg = Release|Any CPU
		{8F02D76C-1D19-4C3D-8953-534488B6DE9C}.Release|x64.Build.0 = Release|Any CPU
		{8F02D76C-1D19-4C3D-8953-534488B6DE9C}.Release|x86.ActiveCfg = Release|Any CPU
		{8F02D76C-1D19-4C3D-8953-534488B6DE9C}.Release|x86.Build.0 = Release|Any CPU
		{9B456AD4-F964-454F-929B-79CB04ED5814}.Debug|Any CPU.ActiveCfg = Debug|Any CPU
		{9B456AD4-F964-454F-929B-79CB04ED5814}.Debug|Any CPU.Build.0 = Debug|Any CPU
		{9B456AD4-F964-454F-929B-79CB04ED5814}.Debug|x64.ActiveCfg = Debug|Any CPU
		{9B456AD4-F964-454F-929B-79CB04ED5814}.Debug|x64.Build.0 = Debug|Any CPU
		{9B456AD4-F964-454F-929B-79CB04ED5814}.Debug|x86.ActiveCfg = Debug|Any CPU
		{9B456AD4-F964-454F-929B-79CB04ED5814}.Debug|x86.Build.0 = Debug|Any CPU
		{9B456AD4-F964-454F-929B-79CB04ED5814}.Release|Any CPU.ActiveCfg = Release|Any CPU
		{9B456AD4-F964-454F-929B-79CB04ED5814}.Release|Any CPU.Build.0 = Release|Any CPU
		{9B456AD4-F964-454F-929B-79CB04ED5814}.Release|x64.ActiveCfg = Release|Any CPU
		{9B456AD4-F964-454F-929B-79CB04ED5814}.Release|x64.Build.0 = Release|Any CPU
		{9B456AD4-F964-454F-929B-79CB04ED5814}.Release|x86.ActiveCfg = Release|Any CPU
		{9B456AD4-F964-454F-929B-79CB04ED5814}.Release|x86.Build.0 = Release|Any CPU
	EndGlobalSection
	GlobalSection(SolutionProperties) = preSolution
		HideSolutionNode = FALSE
	EndGlobalSection
	GlobalSection(NestedProjects) = preSolution
		{638E0C42-CA22-46CB-9716-C8DF4BD2AC7C} = {827E0CD3-B72D-47B6-A68D-7590B98EB39B}
		{88C48131-5724-4BB3-8760-F0059F02D3EC} = {827E0CD3-B72D-47B6-A68D-7590B98EB39B}
		{97CEFC6B-76F2-4824-894F-C75B66D5F4E8} = {827E0CD3-B72D-47B6-A68D-7590B98EB39B}
		{786DA8CB-B302-47B6-BB89-ED6EADA1D33A} = {827E0CD3-B72D-47B6-A68D-7590B98EB39B}
		{A75999EB-E825-4F88-AD40-17B30913E5F0} = {0AB3BF05-4346-4AA6-1389-037BE0695223}
		{49443184-7C64-4FFA-9D52-D53930B6958B} = {827E0CD3-B72D-47B6-A68D-7590B98EB39B}
		{8F02D76C-1D19-4C3D-8953-534488B6DE9C} = {827E0CD3-B72D-47B6-A68D-7590B98EB39B}
		{9B456AD4-F964-454F-929B-79CB04ED5814} = {827E0CD3-B72D-47B6-A68D-7590B98EB39B}
	EndGlobalSection
EndGlobal
